
Microsoft Visual Studio Solution File, Format Version 12.00
# Visual Studio Version 16
VisualStudioVersion = 16.0.32002.261
MinimumVisualStudioVersion = 10.0.40219.1
Project("{9A19103F-16F7-4668-BE54-9A1E7A4F7556}") = "Passport", "Passport\Passport.csproj", "{51767FA5-EA45-440E-88D3-80542876EA11}"
EndProject
Project("{9A19103F-16F7-4668-BE54-9A1E7A4F7556}") = "Library", "Library\Library.csproj", "{224DC002-A117-4CA2-B0E0-125C626C4EC6}"
EndProject
Global
	GlobalSection(SolutionConfigurationPlatforms) = preSolution
		Debug|Any CPU = Debug|Any CPU
		Release|Any CPU = Release|Any CPU
	EndGlobalSection
	GlobalSection(ProjectConfigurationPlatforms) = postSolution
		{51767FA5-EA45-440E-88D3-80542876EA11}.Debug|Any CPU.ActiveCfg = Debug|Any CPU
		{51767FA5-EA45-440E-88D3-80542876EA11}.Debug|Any CPU.Build.0 = Debug|Any CPU
		{51767FA5-EA45-440E-88D3-80542876EA11}.Release|Any CPU.ActiveCfg = Release|Any CPU
		{51767FA5-EA45-440E-88D3-80542876EA11}.Release|Any CPU.Build.0 = Release|Any CPU
		{224DC002-A117-4CA2-B0E0-125C626C4EC6}.Debug|Any CPU.ActiveCfg = Debug|Any CPU
		{224DC002-A117-4CA2-B0E0-125C626C4EC6}.Debug|Any CPU.Build.0 = Debug|Any CPU
		{224DC002-A117-4CA2-B0E0-125C626C4EC6}.Release|Any CPU.ActiveCfg = Release|Any CPU
		{224DC002-A117-4CA2-B0E0-125C626C4EC6}.Release|Any CPU.Build.0 = Release|Any CPU
	EndGlobalSection
	GlobalSection(SolutionProperties) = preSolution
		HideSolutionNode = FALSE
	EndGlobalSection
	GlobalSection(ExtensibilityGlobals) = postSolution
		SolutionGuid = {E5B33449-8FFD-452E-A423-EB5E0FB85C42}
	EndGlobalSection
EndGlobal
